PackratFormat: 1.4
PackratVersion: 0.4.8.1
RVersion: 3.3.2
Repos: CRAN=https://cran.rstudio.com/

Package: BH
Source: CRAN
Version: 1.62.0-1
Hash: 14dfb3e8ffe20996118306ff4de1fab2

Package: DBI
Source: CRAN
Version: 0.6-1
Hash: 4aef5bda70897c1663d5b8bae2f4419a

Package: R6
Source: CRAN
Version: 2.2.0
Hash: 712773a3439bd32db5c40938e1a9aac2

Package: RColorBrewer
Source: CRAN
Version: 1.1-2
Hash: c0d56cd15034f395874c870141870c25

Package: Rcpp
Source: CRAN
Version: 0.12.10
Hash: 6cf65d0dd6a92f2d43c8d4805d33efe9

Package: assertthat
Source: CRAN
Version: 0.2.0
Hash: e8805df54c65ac96d50235c44a82615c

Package: broom
Source: CRAN
Version: 0.4.2
Hash: 7ebcffa46afb467e3f3c5687946f6e1a
Requires: dplyr, plyr, psych, reshape2, stringr, tidyr

Package: cellranger
Source: CRAN
Version: 1.1.0
Hash: 4e1ef4d099b0c5fd531a3938cf4624bd
Requires: rematch, tibble

Package: colorspace
Source: CRAN
Version: 1.3-2
Hash: 0bf8618b585fa98eb23414cd3ab95118

Package: curl
Source: CRAN
Version: 2.6
Hash: 8162b82ca4809c0d63c30aedbd7348e0

Package: devtools
Source: CRAN
Version: 1.12.0
Hash: bbad95109ae75cbb14099281cda43af2
Requires: digest, git2r, httr, jsonlite, memoise, rstudioapi, whisker,
    withr

Package: dichromat
Source: CRAN
Version: 2.0-0
Hash: 08eed0c80510af29bb15f840ccfe37ce

Package: digest
Source: CRAN
Version: 0.6.12
Hash: e53fb8c58673df868183697e39a6a4d6

Package: dplyr
Source: CRAN
Version: 0.5.0
Hash: 673660fd0b947477dab1044abc8b2c95
Requires: BH, DBI, R6, Rcpp, assertthat, lazyeval, magrittr, tibble

Package: feather
Source: github
Version: 0.3.1
Hash: d6991082b3ffc12f100caeccf2724716
Requires: Rcpp, hms, tibble
GithubRepo: feather
GithubUsername: wesm
GithubRef: master
GithubSha1: 88722946a93d03469a943a59e2300e0c9efeb79d
GithubSubdir: R

Package: forcats
Source: CRAN
Version: 0.2.0
Hash: e5a3b0b96a39f5581467b0c6366f7408
Requires: magrittr, tibble

Package: ggplot2
Source: CRAN
Version: 2.2.1
Hash: 46e5cb78836848aa44655e577433f54b
Requires: digest, gtable, lazyeval, plyr, reshape2, scales, tibble

Package: git2r
Source: CRAN
Version: 0.18.0
Hash: 9dfaafbcca68be29b89ef7783dc1dac0

Package: gtable
Source: CRAN
Version: 0.2.0
Hash: cd78381a9d3fea966ac39bd0daaf5554

Package: haven
Source: CRAN
Version: 1.0.0
Hash: c0a627663eb2abb6172350fa8c4f1167
Requires: BH, Rcpp, hms, readr, tibble

Package: hms
Source: CRAN
Version: 0.3
Hash: 3fca8a1c97e6cfb297fe3f4690f82c58

Package: httr
Source: CRAN
Version: 1.2.1
Hash: 7de1f8f760441881804af7c1ff324340
Requires: R6, curl, jsonlite, mime, openssl

Package: jsonlite
Source: CRAN
Version: 1.4
Hash: 24cc0ffeb1771d710173d9803a131870

Package: labeling
Source: CRAN
Version: 0.3
Hash: ecf589b42cd284b03a4beb9665482d3e

Package: lazyeval
Source: CRAN
Version: 0.2.0
Hash: 3d6e7608e65bbf5cb170dab1e3c9ed8b

Package: lubridate
Source: CRAN
Version: 1.6.0
Hash: b90f4cbefe0b3c545dd68b22c66a8a12
Requires: stringr

Package: magrittr
Source: CRAN
Version: 1.5
Hash: bdc4d48c3135e8f3b399536ddf160df4

Package: memoise
Source: CRAN
Version: 1.1.0
Hash: 410fcd334bc626db100237cc1370f2e9
Requires: digest

Package: mime
Source: CRAN
Version: 0.5
Hash: 463550cf44fb6f0a2359368f42eebe62

Package: mnormt
Source: CRAN
Version: 1.5-5
Hash: d0d5efbb1fb26d2dc5f9394c223084b5

Package: modelr
Source: CRAN
Version: 0.1.0
Hash: 7c9848bf4d734f38b8ce91022d8de949
Requires: broom, dplyr, lazyeval, magrittr, purrr, tibble, tidyr

Package: munsell
Source: CRAN
Version: 0.4.3
Hash: f96d896947fcaf9b6d0074002e9f4f9d
Requires: colorspace

Package: openssl
Source: CRAN
Version: 0.9.6
Hash: 5f4711e142a44655dfea4d64fcf2f641

Package: packrat
Source: CRAN
Version: 0.4.8-1
Hash: 6ad605ba7b4b476d84be6632393f5765

Package: plyr
Source: CRAN
Version: 1.8.4
Hash: c9ddbdcfd74ff964e3e7d0b692a8dd70
Requires: Rcpp

Package: psych
Source: CRAN
Version: 1.7.3.21
Hash: 8111794761e5c334c250e868a9252ff9
Requires: mnormt

Package: purrr
Source: CRAN
Version: 0.2.2
Hash: 9f218b40dee7fe7f942039f974bd98b8
Requires: BH, Rcpp, dplyr, lazyeval, magrittr

Package: readr
Source: CRAN
Version: 1.1.0
Hash: 3506086f41d307f5a78ee64e010536fa
Requires: BH, R6, Rcpp, hms, tibble

Package: readxl
Source: CRAN
Version: 1.0.0
Hash: f0d3323803148df52bca38095bccce46
Requires: Rcpp, cellranger, tibble

Package: rematch
Source: CRAN
Version: 1.0.1
Hash: ad4faf59e7611117ff165817074c50c7

Package: reshape2
Source: CRAN
Version: 1.4.2
Hash: 790c06c11c84041b814139d731a872b9
Requires: Rcpp, plyr, stringr

Package: rstudioapi
Source: CRAN
Version: 0.6
Hash: fd256f8bfb9a64cc35f98b0decb1a79f

Package: rvest
Source: CRAN
Version: 0.3.2
Hash: c69f7526520bad66fd2111ebe8b1364b
Requires: httr, magrittr, selectr, xml2

Package: scales
Source: CRAN
Version: 0.4.1
Hash: 2d008b6e3fb9938255669ddf3c85f1f3
Requires: RColorBrewer, Rcpp, dichromat, labeling, munsell, plyr

Package: selectr
Source: CRAN
Version: 0.3-1
Hash: 367275e3dcdd208339e131c7a41bec56
Requires: stringr

Package: stringi
Source: CRAN
Version: 1.1.5
Hash: b6308e49357a0b475f433599e0d8b5eb

Package: stringr
Source: CRAN
Version: 1.2.0
Hash: 25a86d7f410513ebb7c0bc6a5e16bdc3
Requires: magrittr, stringi

Package: tibble
Source: CRAN
Version: 1.3.0
Hash: 8de64ed3345488e66b676875ed1ebdce
Requires: Rcpp, lazyeval

Package: tidyr
Source: CRAN
Version: 0.6.1
Hash: 18d0eb5251ee17447cb84df1a7f010b2
Requires: Rcpp, dplyr, lazyeval, magrittr, stringi, tibble

Package: tidyverse
Source: CRAN
Version: 1.1.1
Hash: 72d5fada870c90b835bbdfc281283c99
Requires: broom, dplyr, forcats, ggplot2, haven, hms, httr, jsonlite,
    lubridate, magrittr, modelr, purrr, readr, readxl, rvest, stringr,
    tibble, tidyr, xml2

Package: whisker
Source: CRAN
Version: 0.3-2
Hash: 803d662762e532705c2c066a82d066e7

Package: withr
Source: CRAN
Version: 1.0.2
Hash: 774eb7be9087cdc24b53b74e5359cfac

Package: xml2
Source: CRAN
Version: 1.1.1
Hash: 19ad10ef8e73cb435eb49f9d5d259980
Requires: BH, Rcpp
